// !$*UTF8*$!
{
	archiveVersion = 1;
	classes = {
	};
	objectVersion = 50;
	objects = {

/* Begin PBXBuildFile section */
		0F0BFF172149F7C0004C597F /* AppDelegate.m in Sources */ = {isa = PBXBuildFile; fileRef = 0F0BFF162149F7C0004C597F /* AppDelegate.m */; };
		0F0BFF1A2149F7C0004C597F /* ViewController.m in Sources */ = {isa = PBXBuildFile; fileRef = 0F0BFF192149F7C0004C597F /* ViewController.m */; };
		0F0BFF1D2149F7C0004C597F /* Main.storyboard in Resources */ = {isa = PBXBuildFile; fileRef = 0F0BFF1B2149F7C0004C597F /* Main.storyboard */; };
		0F0BFF1F2149F7C1004C597F /* Assets.xcassets in Resources */ = {isa = PBXBuildFile; fileRef = 0F0BFF1E2149F7C1004C597F /* Assets.xcassets */; };
		0F0BFF222149F7C1004C597F /* LaunchScreen.storyboard in Resources */ = {isa = PBXBuildFile; fileRef = 0F0BFF202149F7C1004C597F /* LaunchScreen.storyboard */; };
		0F0BFF252149F7C1004C597F /* main.m in Sources */ = {isa = PBXBuildFile; fileRef = 0F0BFF242149F7C1004C597F /* main.m */; };
		0F0BFF2F2149F7C1004C597F /* JiaoJiangChartTests.m in Sources */ = {isa = PBXBuildFile; fileRef = 0F0BFF2E2149F7C1004C597F /* JiaoJiangChartTests.m */; };
		0F0BFF3A2149F7C1004C597F /* JiaoJiangChartUITests.m in Sources */ = {isa = PBXBuildFile; fileRef = 0F0BFF392149F7C1004C597F /* JiaoJiangChartUITests.m */; };
		0F0BFF492149FC87004C597F /* HomeTableViewCell.m in Sources */ = {isa = PBXBuildFile; fileRef = 0F0BFF482149FC87004C597F /* HomeTableViewCell.m */; };
		0F0BFF50214A0618004C597F /* UIColor+ReadBank.m in Sources */ = {isa = PBXBuildFile; fileRef = 0F0BFF4E214A0618004C597F /* UIColor+ReadBank.m */; };
		0F0BFF57214A0FA7004C597F /* ContentViewController.m in Sources */ = {isa = PBXBuildFile; fileRef = 0F0BFF55214A0FA7004C597F /* ContentViewController.m */; };
		0F0BFF5C214A1C15004C597F /* ContentCollectionViewCell.m in Sources */ = {isa = PBXBuildFile; fileRef = 0F0BFF5B214A1C15004C597F /* ContentCollectionViewCell.m */; };
		0F0FB6A22152708A007C7452 /* IndicatorManger.m in Sources */ = {isa = PBXBuildFile; fileRef = 0F0FB6A02152708A007C7452 /* IndicatorManger.m */; };
		0F11505E214B999700490BAD /* BottomView.m in Sources */ = {isa = PBXBuildFile; fileRef = 0F11505D214B999700490BAD /* BottomView.m */; };
		0F115060214B99A600490BAD /* BottomView.xib in Resources */ = {isa = PBXBuildFile; fileRef = 0F11505F214B99A600490BAD /* BottomView.xib */; };
		0F115066214B9A5B00490BAD /* UIControl+XIBLayer.m in Sources */ = {isa = PBXBuildFile; fileRef = 0F115064214B9A5B00490BAD /* UIControl+XIBLayer.m */; };
		0F115067214B9A5B00490BAD /* UIView+XIBLayer.m in Sources */ = {isa = PBXBuildFile; fileRef = 0F115065214B9A5B00490BAD /* UIView+XIBLayer.m */; };
		0F11506A214BA08500490BAD /* BottomButton.m in Sources */ = {isa = PBXBuildFile; fileRef = 0F115069214BA08500490BAD /* BottomButton.m */; };
		0F901D18214F919100D99DE3 /* ListModel.m in Sources */ = {isa = PBXBuildFile; fileRef = 0F901D17214F919100D99DE3 /* ListModel.m */; };
		0F901D1C214F91B000D99DE3 /* DetailModel.m in Sources */ = {isa = PBXBuildFile; fileRef = 0F901D1B214F91B000D99DE3 /* DetailModel.m */; };
		0F901D2A214F939800D99DE3 /* FMDBManager+Detail.m in Sources */ = {isa = PBXBuildFile; fileRef = 0F901D21214F939700D99DE3 /* FMDBManager+Detail.m */; };
		0F901D2C214F939800D99DE3 /* FMDBManager+TableList.m in Sources */ = {isa = PBXBuildFile; fileRef = 0F901D23214F939700D99DE3 /* FMDBManager+TableList.m */; };
		0F901D2D214F939800D99DE3 /* FileManager.m in Sources */ = {isa = PBXBuildFile; fileRef = 0F901D24214F939700D99DE3 /* FileManager.m */; };
		0F901D2E214F939800D99DE3 /* FMDBManager.m in Sources */ = {isa = PBXBuildFile; fileRef = 0F901D25214F939700D99DE3 /* FMDBManager.m */; };
		0F9CA45E2150FD91005A6A3D /* CustomPopOverView.m in Sources */ = {isa = PBXBuildFile; fileRef = 0F9CA45D2150FD91005A6A3D /* CustomPopOverView.m */; };
		0FF2EE64214A5E0500353E7E /* ItemCollectionViewCell.m in Sources */ = {isa = PBXBuildFile; fileRef = 0FF2EE62214A5E0500353E7E /* ItemCollectionViewCell.m */; };
		0FF2EE65214A5E0500353E7E /* ItemCollectionViewCell.xib in Resources */ = {isa = PBXBuildFile; fileRef = 0FF2EE63214A5E0500353E7E /* ItemCollectionViewCell.xib */; };
		0FF2EE67214A653D00353E7E /* ContentViewController.xib in Resources */ = {isa = PBXBuildFile; fileRef = 0FF2EE66214A653D00353E7E /* ContentViewController.xib */; };
		2D5559792B92921EF1F31C08 /* libPods-JiaoJiangChart.a in Frameworks */ = {isa = PBXBuildFile; fileRef = FD4086AE3D4F3E5403CB3715 /* libPods-JiaoJiangChart.a */; };
/* End PBXBuildFile section */

/* Begin PBXContainerItemProxy section */
		0F0BFF2B2149F7C1004C597F /* PBXContainerItemProxy */ = {
			isa = PBXContainerItemProxy;
			containerPortal = 0F0BFF0A2149F7C0004C597F /* Project object */;
			proxyType = 1;
			remoteGlobalIDString = 0F0BFF112149F7C0004C597F;
			remoteInfo = JiaoJiangChart;
		};
		0F0BFF362149F7C1004C597F /* PBXContainerItemProxy */ = {
			isa = PBXContainerItemProxy;
			containerPortal = 0F0BFF0A2149F7C0004C597F /* Project object */;
			proxyType = 1;
			remoteGlobalIDString = 0F0BFF112149F7C0004C597F;
			remoteInfo = JiaoJiangChart;
		};
/* End PBXContainerItemProxy section */

/* Begin PBXFileReference section */
		0F0BFF122149F7C0004C597F /* JiaoJiangChart.app */ = {isa = PBXFileReference; explicitFileType = wrapper.application; includeInIndex = 0; path = JiaoJiangChart.app; sourceTree = BUILT_PRODUCTS_DIR; };
		0F0BFF152149F7C0004C597F /* AppDelegate.h */ = {isa = PBXFileReference; lastKnownFileType = sourcecode.c.h; path = AppDelegate.h; sourceTree = "<group>"; };
		0F0BFF162149F7C0004C597F /* AppDelegate.m */ = {isa = PBXFileReference; lastKnownFileType = sourcecode.c.objc; path = AppDelegate.m; sourceTree = "<group>"; };
		0F0BFF182149F7C0004C597F /* ViewController.h */ = {isa = PBXFileReference; lastKnownFileType = sourcecode.c.h; path = ViewController.h; sourceTree = "<group>"; };
		0F0BFF192149F7C0004C597F /* ViewController.m */ = {isa = PBXFileReference; lastKnownFileType = sourcecode.c.objc; path = ViewController.m; sourceTree = "<group>"; };
		0F0BFF1C2149F7C0004C597F /* Base */ = {isa = PBXFileReference; lastKnownFileType = file.storyboard; name = Base; path = Base.lproj/Main.storyboard; sourceTree = "<group>"; };
		0F0BFF1E2149F7C1004C597F /* Assets.xcassets */ = {isa = PBXFileReference; lastKnownFileType = folder.assetcatalog; path = Assets.xcassets; sourceTree = "<group>"; };
		0F0BFF212149F7C1004C597F /* Base */ = {isa = PBXFileReference; lastKnownFileType = file.storyboard; name = Base; path = Base.lproj/LaunchScreen.storyboard; sourceTree = "<group>"; };
		0F0BFF232149F7C1004C597F /* Info.plist */ = {isa = PBXFileReference; lastKnownFileType = text.plist.xml; path = Info.plist; sourceTree = "<group>"; };
		0F0BFF242149F7C1004C597F /* main.m */ = {isa = PBXFileReference; lastKnownFileType = sourcecode.c.objc; path = main.m; sourceTree = "<group>"; };
		0F0BFF2A2149F7C1004C597F /* JiaoJiangChartTests.xctest */ = {isa = PBXFileReference; explicitFileType = wrapper.cfbundle; includeInIndex = 0; path = JiaoJiangChartTests.xctest; sourceTree = BUILT_PRODUCTS_DIR; };
		0F0BFF2E2149F7C1004C597F /* JiaoJiangChartTests.m */ = {isa = PBXFileReference; lastKnownFileType = sourcecode.c.objc; path = JiaoJiangChartTests.m; sourceTree = "<group>"; };
		0F0BFF302149F7C1004C597F /* Info.plist */ = {isa = PBXFileReference; lastKnownFileType = text.plist.xml; path = Info.plist; sourceTree = "<group>"; };
		0F0BFF352149F7C1004C597F /* JiaoJiangChartUITests.xctest */ = {isa = PBXFileReference; explicitFileType = wrapper.cfbundle; includeInIndex = 0; path = JiaoJiangChartUITests.xctest; sourceTree = BUILT_PRODUCTS_DIR; };
		0F0BFF392149F7C1004C597F /* JiaoJiangChartUITests.m */ = {isa = PBXFileReference; lastKnownFileType = sourcecode.c.objc; path = JiaoJiangChartUITests.m; sourceTree = "<group>"; };
		0F0BFF3B2149F7C1004C597F /* Info.plist */ = {isa = PBXFileReference; lastKnownFileType = text.plist.xml; path = Info.plist; sourceTree = "<group>"; };
		0F0BFF472149FC87004C597F /* HomeTableViewCell.h */ = {isa = PBXFileReference; lastKnownFileType = sourcecode.c.h; path = HomeTableViewCell.h; sourceTree = "<group>"; };
		0F0BFF482149FC87004C597F /* HomeTableViewCell.m */ = {isa = PBXFileReference; lastKnownFileType = sourcecode.c.objc; path = HomeTableViewCell.m; sourceTree = "<group>"; };
		0F0BFF4A2149FE03004C597F /* PrefixHeader.pch */ = {isa = PBXFileReference; lastKnownFileType = sourcecode.c.h; path = PrefixHeader.pch; sourceTree = "<group>"; };
		0F0BFF4B2149FFCF004C597F /* DefaultConfig.h */ = {isa = PBXFileReference; lastKnownFileType = sourcecode.c.h; path = DefaultConfig.h; sourceTree = "<group>"; };
		0F0BFF4E214A0618004C597F /* UIColor+ReadBank.m */ = {isa = PBXFileReference; fileEncoding = 4; lastKnownFileType = sourcecode.c.objc; path = "UIColor+ReadBank.m"; sourceTree = "<group>"; };
		0F0BFF4F214A0618004C597F /* UIColor+ReadBank.h */ = {isa = PBXFileReference; fileEncoding = 4; lastKnownFileType = sourcecode.c.h; path = "UIColor+ReadBank.h"; sourceTree = "<group>"; };
		0F0BFF54214A0FA7004C597F /* ContentViewController.h */ = {isa = PBXFileReference; lastKnownFileType = sourcecode.c.h; path = ContentViewController.h; sourceTree = "<group>"; };
		0F0BFF55214A0FA7004C597F /* ContentViewController.m */ = {isa = PBXFileReference; lastKnownFileType = sourcecode.c.objc; path = ContentViewController.m; sourceTree = "<group>"; };
		0F0BFF5A214A1C15004C597F /* ContentCollectionViewCell.h */ = {isa = PBXFileReference; lastKnownFileType = sourcecode.c.h; path = ContentCollectionViewCell.h; sourceTree = "<group>"; };
		0F0BFF5B214A1C15004C597F /* ContentCollectionViewCell.m */ = {isa = PBXFileReference; lastKnownFileType = sourcecode.c.objc; path = ContentCollectionViewCell.m; sourceTree = "<group>"; };
		0F0FB6A02152708A007C7452 /* IndicatorManger.m */ = {isa = PBXFileReference; fileEncoding = 4; lastKnownFileType = sourcecode.c.objc; path = IndicatorManger.m; sourceTree = "<group>"; };
		0F0FB6A12152708A007C7452 /* IndicatorManger.h */ = {isa = PBXFileReference; fileEncoding = 4; lastKnownFileType = sourcecode.c.h; path = IndicatorManger.h; sourceTree = "<group>"; };
		0F11505C214B999700490BAD /* BottomView.h */ = {isa = PBXFileReference; lastKnownFileType = sourcecode.c.h; path = BottomView.h; sourceTree = "<group>"; };
		0F11505D214B999700490BAD /* BottomView.m */ = {isa = PBXFileReference; lastKnownFileType = sourcecode.c.objc; path = BottomView.m; sourceTree = "<group>"; };
		0F11505F214B99A600490BAD /* BottomView.xib */ = {isa = PBXFileReference; lastKnownFileType = file.xib; path = BottomView.xib; sourceTree = "<group>"; };
		0F115062214B9A5B00490BAD /* UIView+XIBLayer.h */ = {isa = PBXFileReference; fileEncoding = 4; lastKnownFileType = sourcecode.c.h; path = "UIView+XIBLayer.h"; sourceTree = "<group>"; };
		0F115063214B9A5B00490BAD /* UIControl+XIBLayer.h */ = {isa = PBXFileReference; fileEncoding = 4; lastKnownFileType = sourcecode.c.h; path = "UIControl+XIBLayer.h"; sourceTree = "<group>"; };
		0F115064214B9A5B00490BAD /* UIControl+XIBLayer.m */ = {isa = PBXFileReference; fileEncoding = 4; lastKnownFileType = sourcecode.c.objc; path = "UIControl+XIBLayer.m"; sourceTree = "<group>"; };
		0F115065214B9A5B00490BAD /* UIView+XIBLayer.m */ = {isa = PBXFileReference; fileEncoding = 4; lastKnownFileType = sourcecode.c.objc; path = "UIView+XIBLayer.m"; sourceTree = "<group>"; };
		0F115068214BA08500490BAD /* BottomButton.h */ = {isa = PBXFileReference; lastKnownFileType = sourcecode.c.h; path = BottomButton.h; sourceTree = "<group>"; };
		0F115069214BA08500490BAD /* BottomButton.m */ = {isa = PBXFileReference; lastKnownFileType = sourcecode.c.objc; path = BottomButton.m; sourceTree = "<group>"; };
		0F901D16214F919100D99DE3 /* ListModel.h */ = {isa = PBXFileReference; lastKnownFileType = sourcecode.c.h; path = ListModel.h; sourceTree = "<group>"; };
		0F901D17214F919100D99DE3 /* ListModel.m */ = {isa = PBXFileReference; lastKnownFileType = sourcecode.c.objc; path = ListModel.m; sourceTree = "<group>"; };
		0F901D1A214F91B000D99DE3 /* DetailModel.h */ = {isa = PBXFileReference; lastKnownFileType = sourcecode.c.h; path = DetailModel.h; sourceTree = "<group>"; };
		0F901D1B214F91B000D99DE3 /* DetailModel.m */ = {isa = PBXFileReference; lastKnownFileType = sourcecode.c.objc; path = DetailModel.m; sourceTree = "<group>"; };
		0F901D1E214F939700D99DE3 /* FMDBManager.h */ = {isa = PBXFileReference; fileEncoding = 4; lastKnownFileType = sourcecode.c.h; path = FMDBManager.h; sourceTree = "<group>"; };
		0F901D1F214F939700D99DE3 /* FileManager.h */ = {isa = PBXFileReference; fileEncoding = 4; lastKnownFileType = sourcecode.c.h; path = FileManager.h; sourceTree = "<group>"; };
		0F901D21214F939700D99DE3 /* FMDBManager+Detail.m */ = {isa = PBXFileReference; fileEncoding = 4; lastKnownFileType = sourcecode.c.objc; path = "FMDBManager+Detail.m"; sourceTree = "<group>"; };
		0F901D23214F939700D99DE3 /* FMDBManager+TableList.m */ = {isa = PBXFileReference; fileEncoding = 4; lastKnownFileType = sourcecode.c.objc; path = "FMDBManager+TableList.m"; sourceTree = "<group>"; };
		0F901D24214F939700D99DE3 /* FileManager.m */ = {isa = PBXFileReference; fileEncoding = 4; lastKnownFileType = sourcecode.c.objc; path = FileManager.m; sourceTree = "<group>"; };
		0F901D25214F939700D99DE3 /* FMDBManager.m */ = {isa = PBXFileReference; fileEncoding = 4; lastKnownFileType = sourcecode.c.objc; path = FMDBManager.m; sourceTree = "<group>"; };
		0F901D26214F939700D99DE3 /* FMDBManager+Detail.h */ = {isa = PBXFileReference; fileEncoding = 4; lastKnownFileType = sourcecode.c.h; path = "FMDBManager+Detail.h"; sourceTree = "<group>"; };
		0F901D28214F939700D99DE3 /* FMDBManager+TableList.h */ = {isa = PBXFileReference; fileEncoding = 4; lastKnownFileType = sourcecode.c.h; path = "FMDBManager+TableList.h"; sourceTree = "<group>"; };
		0F9CA45C2150FD90005A6A3D /* CustomPopOverView.h */ = {isa = PBXFileReference; fileEncoding = 4; lastKnownFileType = sourcecode.c.h; path = CustomPopOverView.h; sourceTree = "<group>"; };
		0F9CA45D2150FD91005A6A3D /* CustomPopOverView.m */ = {isa = PBXFileReference; fileEncoding = 4; lastKnownFileType = sourcecode.c.objc; path = CustomPopOverView.m; sourceTree = "<group>"; };
		0FF2EE61214A5E0500353E7E /* ItemCollectionViewCell.h */ = {isa = PBXFileReference; lastKnownFileType = sourcecode.c.h; path = ItemCollectionViewCell.h; sourceTree = "<group>"; };
		0FF2EE62214A5E0500353E7E /* ItemCollectionViewCell.m */ = {isa = PBXFileReference; lastKnownFileType = sourcecode.c.objc; path = ItemCollectionViewCell.m; sourceTree = "<group>"; };
		0FF2EE63214A5E0500353E7E /* ItemCollectionViewCell.xib */ = {isa = PBXFileReference; lastKnownFileType = file.xib; path = ItemCollectionViewCell.xib; sourceTree = "<group>"; };
		0FF2EE66214A653D00353E7E /* ContentViewController.xib */ = {isa = PBXFileReference; fileEncoding = 4; lastKnownFileType = file.xib; path = ContentViewController.xib; sourceTree = "<group>"; };
		8B1D6859E2630B085660A4BA /* Pods-JiaoJiangChart.release.xcconfig */ = {isa = PBXFileReference; includeInIndex = 1; lastKnownFileType = text.xcconfig; name = "Pods-JiaoJiangChart.release.xcconfig"; path = "Pods/Target Support Files/Pods-JiaoJiangChart/Pods-JiaoJiangChart.release.xcconfig"; sourceTree = "<group>"; };
		E50E30B695FD442FD076724D /* Pods-JiaoJiangChart.debug.xcconfig */ = {isa = PBXFileReference; includeInIndex = 1; lastKnownFileType = text.xcconfig; name = "Pods-JiaoJiangChart.debug.xcconfig"; path = "Pods/Target Support Files/Pods-JiaoJiangChart/Pods-JiaoJiangChart.debug.xcconfig"; sourceTree = "<group>"; };
		FD4086AE3D4F3E5403CB3715 /* libPods-JiaoJiangChart.a */ = {isa = PBXFileReference; explicitFileType = archive.ar; includeInIndex = 0; path = "libPods-JiaoJiangChart.a"; sourceTree = BUILT_PRODUCTS_DIR; };
/* End PBXFileReference section */

/* Begin PBXFrameworksBuildPhase section */
		0F0BFF0F2149F7C0004C597F /* Frameworks */ = {
			isa = PBXFrameworksBuildPhase;
			buildActionMask = 2147483647;
			files = (
				2D5559792B92921EF1F31C08 /* libPods-JiaoJiangChart.a in Frameworks */,
			);
			runOnlyForDeploymentPostprocessing = 0;
		};
		0F0BFF272149F7C1004C597F /* Frameworks */ = {
			isa = PBXFrameworksBuildPhase;
			buildActionMask = 2147483647;
			files = (
			);
			runOnlyForDeploymentPostprocessing = 0;
		};
		0F0BFF322149F7C1004C597F /* Frameworks */ = {
			isa = PBXFrameworksBuildPhase;
			buildActionMask = 2147483647;
			files = (
			);
			runOnlyForDeploymentPostprocessing = 0;
		};
/* End PBXFrameworksBuildPhase section */

/* Begin PBXGroup section */
		0F0BFF092149F7C0004C597F = {
			isa = PBXGroup;
			children = (
				0F0BFF142149F7C0004C597F /* JiaoJiangChart */,
				0F0BFF2D2149F7C1004C597F /* JiaoJiangChartTests */,
				0F0BFF382149F7C1004C597F /* JiaoJiangChartUITests */,
				0F0BFF132149F7C0004C597F /* Products */,
				6A75E6FB80E060CA0C17CDF1 /* Pods */,
				C00F928B20A71D37CA747808 /* Frameworks */,
			);
			sourceTree = "<group>";
		};
		0F0BFF132149F7C0004C597F /* Products */ = {
			isa = PBXGroup;
			children = (
				0F0BFF122149F7C0004C597F /* JiaoJiangChart.app */,
				0F0BFF2A2149F7C1004C597F /* JiaoJiangChartTests.xctest */,
				0F0BFF352149F7C1004C597F /* JiaoJiangChartUITests.xctest */,
			);
			name = Products;
			sourceTree = "<group>";
		};
		0F0BFF142149F7C0004C597F /* JiaoJiangChart */ = {
			isa = PBXGroup;
			children = (
				0F901CFE214F86A400D99DE3 /* Managers */,
				0F0BFF53214A0F4C004C597F /* ContentViewController */,
				0F0BFF4C214A05FE004C597F /* Catgory */,
				0F0BFF51214A0685004C597F /* HomeViewController */,
				0F0BFF1E2149F7C1004C597F /* Assets.xcassets */,
				0F0BFF152149F7C0004C597F /* AppDelegate.h */,
				0F0BFF162149F7C0004C597F /* AppDelegate.m */,
				0F0BFF202149F7C1004C597F /* LaunchScreen.storyboard */,
				0F0BFF4A2149FE03004C597F /* PrefixHeader.pch */,
				0F0BFF4B2149FFCF004C597F /* DefaultConfig.h */,
				0F0BFF232149F7C1004C597F /* Info.plist */,
				0F0BFF242149F7C1004C597F /* main.m */,
			);
			path = JiaoJiangChart;
			sourceTree = "<group>";
		};
		0F0BFF2D2149F7C1004C597F /* JiaoJiangChartTests */ = {
			isa = PBXGroup;
			children = (
				0F0BFF2E2149F7C1004C597F /* JiaoJiangChartTests.m */,
				0F0BFF302149F7C1004C597F /* Info.plist */,
			);
			path = JiaoJiangChartTests;
			sourceTree = "<group>";
		};
		0F0BFF382149F7C1004C597F /* JiaoJiangChartUITests */ = {
			isa = PBXGroup;
			children = (
				0F0BFF392149F7C1004C597F /* JiaoJiangChartUITests.m */,
				0F0BFF3B2149F7C1004C597F /* Info.plist */,
			);
			path = JiaoJiangChartUITests;
			sourceTree = "<group>";
		};
		0F0BFF4C214A05FE004C597F /* Catgory */ = {
			isa = PBXGroup;
			children = (
				0F115061214B9A5B00490BAD /* XIB */,
				0F0BFF4D214A0618004C597F /* UIColor */,
			);
			path = Catgory;
			sourceTree = "<group>";
		};
		0F0BFF4D214A0618004C597F /* UIColor */ = {
			isa = PBXGroup;
			children = (
				0F0BFF4F214A0618004C597F /* UIColor+ReadBank.h */,
				0F0BFF4E214A0618004C597F /* UIColor+ReadBank.m */,
			);
			path = UIColor;
			sourceTree = "<group>";
		};
		0F0BFF51214A0685004C597F /* HomeViewController */ = {
			isa = PBXGroup;
			children = (
				0F901D15214F917900D99DE3 /* Model */,
				0F0BFF52214A06CA004C597F /* View */,
				0F0BFF182149F7C0004C597F /* ViewController.h */,
				0F0BFF192149F7C0004C597F /* ViewController.m */,
				0F0BFF1B2149F7C0004C597F /* Main.storyboard */,
			);
			path = HomeViewController;
			sourceTree = "<group>";
		};
		0F0BFF52214A06CA004C597F /* View */ = {
			isa = PBXGroup;
			children = (
				0F9CA45C2150FD90005A6A3D /* CustomPopOverView.h */,
				0F9CA45D2150FD91005A6A3D /* CustomPopOverView.m */,
				0F0BFF472149FC87004C597F /* HomeTableViewCell.h */,
				0F0BFF482149FC87004C597F /* HomeTableViewCell.m */,
			);
			path = View;
			sourceTree = "<group>";
		};
		0F0BFF53214A0F4C004C597F /* ContentViewController */ = {
			isa = PBXGroup;
			children = (
				0F901D19214F91A000D99DE3 /* Model */,
				0F0BFF59214A1019004C597F /* View */,
				0F0BFF54214A0FA7004C597F /* ContentViewController.h */,
				0F0BFF55214A0FA7004C597F /* ContentViewController.m */,
				0FF2EE66214A653D00353E7E /* ContentViewController.xib */,
			);
			path = ContentViewController;
			sourceTree = "<group>";
		};
		0F0BFF59214A1019004C597F /* View */ = {
			isa = PBXGroup;
			children = (
				0F0BFF5A214A1C15004C597F /* ContentCollectionViewCell.h */,
				0F0BFF5B214A1C15004C597F /* ContentCollectionViewCell.m */,
				0FF2EE61214A5E0500353E7E /* ItemCollectionViewCell.h */,
				0FF2EE62214A5E0500353E7E /* ItemCollectionViewCell.m */,
				0FF2EE63214A5E0500353E7E /* ItemCollectionViewCell.xib */,
				0F11505C214B999700490BAD /* BottomView.h */,
				0F11505D214B999700490BAD /* BottomView.m */,
				0F11505F214B99A600490BAD /* BottomView.xib */,
				0F115068214BA08500490BAD /* BottomButton.h */,
				0F115069214BA08500490BAD /* BottomButton.m */,
			);
			path = View;
			sourceTree = "<group>";
		};
		0F0FB69F2152708A007C7452 /* HUD */ = {
			isa = PBXGroup;
			children = (
				0F0FB6A02152708A007C7452 /* IndicatorManger.m */,
				0F0FB6A12152708A007C7452 /* IndicatorManger.h */,
			);
			path = HUD;
			sourceTree = "<group>";
		};
		0F115061214B9A5B00490BAD /* XIB */ = {
			isa = PBXGroup;
			children = (
				0F115062214B9A5B00490BAD /* UIView+XIBLayer.h */,
				0F115063214B9A5B00490BAD /* UIControl+XIBLayer.h */,
				0F115064214B9A5B00490BAD /* UIControl+XIBLayer.m */,
				0F115065214B9A5B00490BAD /* UIView+XIBLayer.m */,
			);
			path = XIB;
			sourceTree = "<group>";
		};
		0F901CFE214F86A400D99DE3 /* Managers */ = {
			isa = PBXGroup;
			children = (
				0F0FB69F2152708A007C7452 /* HUD */,
				0F901D1D214F939700D99DE3 /* FMDBManager */,
			);
			path = Managers;
			sourceTree = "<group>";
		};
		0F901D15214F917900D99DE3 /* Model */ = {
			isa = PBXGroup;
			children = (
				0F901D16214F919100D99DE3 /* ListModel.h */,
				0F901D17214F919100D99DE3 /* ListModel.m */,
			);
			path = Model;
			sourceTree = "<group>";
		};
		0F901D19214F91A000D99DE3 /* Model */ = {
			isa = PBXGroup;
			children = (
				0F901D1A214F91B000D99DE3 /* DetailModel.h */,
				0F901D1B214F91B000D99DE3 /* DetailModel.m */,
			);
			path = Model;
			sourceTree = "<group>";
		};
		0F901D1D214F939700D99DE3 /* FMDBManager */ = {
			isa = PBXGroup;
			children = (
				0F901D1E214F939700D99DE3 /* FMDBManager.h */,
				0F901D25214F939700D99DE3 /* FMDBManager.m */,
				0F901D28214F939700D99DE3 /* FMDBManager+TableList.h */,
				0F901D23214F939700D99DE3 /* FMDBManager+TableList.m */,
				0F901D26214F939700D99DE3 /* FMDBManager+Detail.h */,
				0F901D21214F939700D99DE3 /* FMDBManager+Detail.m */,
				0F901D1F214F939700D99DE3 /* FileManager.h */,
				0F901D24214F939700D99DE3 /* FileManager.m */,
			);
			path = FMDBManager;
			sourceTree = "<group>";
		};
		6A75E6FB80E060CA0C17CDF1 /* Pods */ = {
			isa = PBXGroup;
			children = (
				E50E30B695FD442FD076724D /* Pods-JiaoJiangChart.debug.xcconfig */,
				8B1D6859E2630B085660A4BA /* Pods-JiaoJiangChart.release.xcconfig */,
			);
			name = Pods;
			sourceTree = "<group>";
		};
		C00F928B20A71D37CA747808 /* Frameworks */ = {
			isa = PBXGroup;
			children = (
				FD4086AE3D4F3E5403CB3715 /* libPods-JiaoJiangChart.a */,
			);
			name = Frameworks;
			sourceTree = "<group>";
		};
/* End PBXGroup section */

/* Begin PBXNativeTarget section */
		0F0BFF112149F7C0004C597F /* JiaoJiangChart */ = {
			isa = PBXNativeTarget;
			buildConfigurationList = 0F0BFF3E2149F7C1004C597F /* Build configuration list for PBXNativeTarget "JiaoJiangChart" */;
			buildPhases = (
				1D0E907BC97A6772301B1F5D /* [CP] Check Pods Manifest.lock */,
				0F0BFF0E2149F7C0004C597F /* Sources */,
				0F0BFF0F2149F7C0004C597F /* Frameworks */,
				0F0BFF102149F7C0004C597F /* Resources */,
			);
			buildRules = (
			);
			dependencies = (
			);
			name = JiaoJiangChart;
			productName = JiaoJiangChart;
			productReference = 0F0BFF122149F7C0004C597F /* JiaoJiangChart.app */;
			productType = "com.apple.product-type.application";
		};
		0F0BFF292149F7C1004C597F /* JiaoJiangChartTests */ = {
			isa = PBXNativeTarget;
			buildConfigurationList = 0F0BFF412149F7C1004C597F /* Build configuration list for PBXNativeTarget "JiaoJiangChartTests" */;
			buildPhases = (
				0F0BFF262149F7C1004C597F /* Sources */,
				0F0BFF272149F7C1004C597F /* Frameworks */,
				0F0BFF282149F7C1004C597F /* Resources */,
			);
			buildRules = (
			);
			dependencies = (
				0F0BFF2C2149F7C1004C597F /* PBXTargetDependency */,
			);
			name = JiaoJiangChartTests;
			productName = JiaoJiangChartTests;
			productReference = 0F0BFF2A2149F7C1004C597F /* JiaoJiangChartTests.xctest */;
			productType = "com.apple.product-type.bundle.unit-test";
		};
		0F0BFF342149F7C1004C597F /* JiaoJiangChartUITests */ = {
			isa = PBXNativeTarget;
			buildConfigurationList = 0F0BFF442149F7C1004C597F /* Build configuration list for PBXNativeTarget "JiaoJiangChartUITests" */;
			buildPhases = (
				0F0BFF312149F7C1004C597F /* Sources */,
				0F0BFF322149F7C1004C597F /* Frameworks */,
				0F0BFF332149F7C1004C597F /* Resources */,
			);
			buildRules = (
			);
			dependencies = (
				0F0BFF372149F7C1004C597F /* PBXTargetDependency */,
			);
			name = JiaoJiangChartUITests;
			productName = JiaoJiangChartUITests;
			productReference = 0F0BFF352149F7C1004C597F /* JiaoJiangChartUITests.xctest */;
			productType = "com.apple.product-type.bundle.ui-testing";
		};
/* End PBXNativeTarget section */

/* Begin PBXProject section */
		0F0BFF0A2149F7C0004C597F /* Project object */ = {
			isa = PBXProject;
			attributes = {
				LastUpgradeCheck = 0940;
				ORGANIZATIONNAME = "钟程";
				TargetAttributes = {
					0F0BFF112149F7C0004C597F = {
						CreatedOnToolsVersion = 9.4.1;
					};
					0F0BFF292149F7C1004C597F = {
						CreatedOnToolsVersion = 9.4.1;
						TestTargetID = 0F0BFF112149F7C0004C597F;
					};
					0F0BFF342149F7C1004C597F = {
						CreatedOnToolsVersion = 9.4.1;
						TestTargetID = 0F0BFF112149F7C0004C597F;
					};
				};
			};
			buildConfigurationList = 0F0BFF0D2149F7C0004C597F /* Build configuration list for PBXProject "JiaoJiangChart" */;
			compatibilityVersion = "Xcode 9.3";
			developmentRegion = en;
			hasScannedForEncodings = 0;
			knownRegions = (
				en,
				Base,
			);
			mainGroup = 0F0BFF092149F7C0004C597F;
			productRefGroup = 0F0BFF132149F7C0004C597F /* Products */;
			projectDirPath = "";
			projectRoot = "";
			targets = (
				0F0BFF112149F7C0004C597F /* JiaoJiangChart */,
				0F0BFF292149F7C1004C597F /* JiaoJiangChartTests */,
				0F0BFF342149F7C1004C597F /* JiaoJiangChartUITests */,
			);
		};
/* End PBXProject section */

/* Begin PBXResourcesBuildPhase section */
		0F0BFF102149F7C0004C597F /* Resources */ = {
			isa = PBXResourcesBuildPhase;
			buildActionMask = 2147483647;
			files = (
				0FF2EE67214A653D00353E7E /* ContentViewController.xib in Resources */,
				0F0BFF222149F7C1004C597F /* LaunchScreen.storyboard in Resources */,
				0FF2EE65214A5E0500353E7E /* ItemCollectionViewCell.xib in Resources */,
				0F0BFF1F2149F7C1004C597F /* Assets.xcassets in Resources */,
				0F0BFF1D2149F7C0004C597F /* Main.storyboard in Resources */,
				0F115060214B99A600490BAD /* BottomView.xib in Resources */,
			);
			runOnlyForDeploymentPostprocessing = 0;
		};
		0F0BFF282149F7C1004C597F /* Resources */ = {
			isa = PBXResourcesBuildPhase;
			buildActionMask = 2147483647;
			files = (
			);
			runOnlyForDeploymentPostprocessing = 0;
		};
		0F0BFF332149F7C1004C597F /* Resources */ = {
			isa = PBXResourcesBuildPhase;
			buildActionMask = 2147483647;
			files = (
			);
			runOnlyForDeploymentPostprocessing = 0;
		};
/* End PBXResourcesBuildPhase section */

/* Begin PBXShellScriptBuildPhase section */
		1D0E907BC97A6772301B1F5D /* [CP] Check Pods Manifest.lock */ = {
			isa = PBXShellScriptBuildPhase;
			buildActionMask = 2147483647;
			files = (
			);
			inputPaths = (
				"${PODS_PODFILE_DIR_PATH}/Podfile.lock",
				"${PODS_ROOT}/Manifest.lock",
			);
			name = "[CP] Check Pods Manifest.lock";
			outputPaths = (
				"$(DERIVED_FILE_DIR)/Pods-JiaoJiangChart-checkManifestLockResult.txt",
			);
			runOnlyForDeploymentPostprocessing = 0;
			shellPath = /bin/sh;
			shellScript = "diff \"${PODS_PODFILE_DIR_PATH}/Podfile.lock\" \"${PODS_ROOT}/Manifest.lock\" > /dev/null\nif [ $? != 0 ] ; then\n    # print error to STDERR\n    echo \"error: The sandbox is not in sync with the Podfile.lock. Run 'pod install' or update your CocoaPods installation.\" >&2\n    exit 1\nfi\n# This output is used by Xcode 'outputs' to avoid re-running this script phase.\necho \"SUCCESS\" > \"${SCRIPT_OUTPUT_FILE_0}\"\n";
			showEnvVarsInLog = 0;
		};
/* End PBXShellScriptBuildPhase section */

/* Begin PBXSourcesBuildPhase section */
		0F0BFF0E2149F7C0004C597F /* Sources */ = {
			isa = PBXSourcesBuildPhase;
			buildActionMask = 2147483647;
			files = (
				0F0BFF50214A0618004C597F /* UIColor+ReadBank.m in Sources */,
				0FF2EE64214A5E0500353E7E /* ItemCollectionViewCell.m in Sources */,
				0F115067214B9A5B00490BAD /* UIView+XIBLayer.m in Sources */,
				0F0BFF1A2149F7C0004C597F /* ViewController.m in Sources */,
				0F0BFF57214A0FA7004C597F /* ContentViewController.m in Sources */,
				0F901D2E214F939800D99DE3 /* FMDBManager.m in Sources */,
				0F901D1C214F91B000D99DE3 /* DetailModel.m in Sources */,
				0F0FB6A22152708A007C7452 /* IndicatorManger.m in Sources */,
				0F0BFF252149F7C1004C597F /* main.m in Sources */,
				0F901D2C214F939800D99DE3 /* FMDBManager+TableList.m in Sources */,
				0F115066214B9A5B00490BAD /* UIControl+XIBLayer.m in Sources */,
				0F0BFF492149FC87004C597F /* HomeTableViewCell.m in Sources */,
				0F9CA45E2150FD91005A6A3D /* CustomPopOverView.m in Sources */,
				0F0BFF5C214A1C15004C597F /* ContentCollectionViewCell.m in Sources */,
				0F901D18214F919100D99DE3 /* ListModel.m in Sources */,
				0F901D2A214F939800D99DE3 /* FMDBManager+Detail.m in Sources */,
				0F0BFF172149F7C0004C597F /* AppDelegate.m in Sources */,
				0F11506A214BA08500490BAD /* BottomButton.m in Sources */,
				0F11505E214B999700490BAD /* BottomView.m in Sources */,
				0F901D2D214F939800D99DE3 /* FileManager.m in Sources */,
			);
			runOnlyForDeploymentPostprocessing = 0;
		};
		0F0BFF262149F7C1004C597F /* Sources */ = {
			isa = PBXSourcesBuildPhase;
			buildActionMask = 2147483647;
			files = (
				0F0BFF2F2149F7C1004C597F /* JiaoJiangChartTests.m in Sources */,
			);
			runOnlyForDeploymentPostprocessing = 0;
		};
		0F0BFF312149F7C1004C597F /* Sources */ = {
			isa = PBXSourcesBuildPhase;
			buildActionMask = 2147483647;
			files = (
				0F0BFF3A2149F7C1004C597F /* JiaoJiangChartUITests.m in Sources */,
			);
			runOnlyForDeploymentPostprocessing = 0;
		};
/* End PBXSourcesBuildPhase section */

/* Begin PBXTargetDependency section */
		0F0BFF2C2149F7C1004C597F /* PBXTargetDependency */ = {
			isa = PBXTargetDependency;
			target = 0F0BFF112149F7C0004C597F /* JiaoJiangChart */;
			targetProxy = 0F0BFF2B2149F7C1004C597F /* PBXContainerItemProxy */;
		};
		0F0BFF372149F7C1004C597F /* PBXTargetDependency */ = {
			isa = PBXTargetDependency;
			target = 0F0BFF112149F7C0004C597F /* JiaoJiangChart */;
			targetProxy = 0F0BFF362149F7C1004C597F /* PBXContainerItemProxy */;
		};
/* End PBXTargetDependency section */

/* Begin PBXVariantGroup section */
		0F0BFF1B2149F7C0004C597F /* Main.storyboard */ = {
			isa = PBXVariantGroup;
			children = (
				0F0BFF1C2149F7C0004C597F /* Base */,
			);
			name = Main.storyboard;
			sourceTree = "<group>";
		};
		0F0BFF202149F7C1004C597F /* LaunchScreen.storyboard */ = {
			isa = PBXVariantGroup;
			children = (
				0F0BFF212149F7C1004C597F /* Base */,
			);
			name = LaunchScreen.storyboard;
			sourceTree = "<group>";
		};
/* End PBXVariantGroup section */

/* Begin XCBuildConfiguration section */
		0F0BFF3C2149F7C1004C597F /* Debug */ = {
			isa = XCBuildConfiguration;
			buildSettings = {
				ALWAYS_SEARCH_USER_PATHS = NO;
				CLANG_ANALYZER_NONNULL = YES;
				CLANG_ANALYZER_NUMBER_OBJECT_CONVERSION = YES_AGGRESSIVE;
				CLANG_CXX_LANGUAGE_STANDARD = "gnu++14";
				CLANG_CXX_LIBRARY = "libc++";
				CLANG_ENABLE_MODULES = YES;
				CLANG_ENABLE_OBJC_ARC = YES;
				CLANG_ENABLE_OBJC_WEAK = YES;
				CLANG_WARN_BLOCK_CAPTURE_AUTORELEASING = YES;
				CLANG_WARN_BOOL_CONVERSION = YES;
				CLANG_WARN_COMMA = YES;
				CLANG_WARN_CONSTANT_CONVERSION = YES;
				CLANG_WARN_DEPRECATED_OBJC_IMPLEMENTATIONS = YES;
				CLANG_WARN_DIRECT_OBJC_ISA_USAGE = YES_ERROR;
				CLANG_WARN_DOCUMENTATION_COMMENTS = YES;
				CLANG_WARN_EMPTY_BODY = YES;
				CLANG_WARN_ENUM_CONVERSION = YES;
				CLANG_WARN_INFINITE_RECURSION = YES;
				CLANG_WARN_INT_CONVERSION = YES;
				CLANG_WARN_NON_LITERAL_NULL_CONVERSION = YES;
				CLANG_WARN_OBJC_IMPLICIT_RETAIN_SELF = YES;
				CLANG_WARN_OBJC_LITERAL_CONVERSION = YES;
				CLANG_WARN_OBJC_ROOT_CLASS = YES_ERROR;
				CLANG_WARN_RANGE_LOOP_ANALYSIS = YES;
				CLANG_WARN_STRICT_PROTOTYPES = YES;
				CLANG_WARN_SUSPICIOUS_MOVE = YES;
				CLANG_WARN_UNGUARDED_AVAILABILITY = YES_AGGRESSIVE;
				CLANG_WARN_UNREACHABLE_CODE = YES;
				CLANG_WARN__DUPLICATE_METHOD_MATCH = YES;
				CODE_SIGN_IDENTITY = "iPhone Developer";
				COPY_PHASE_STRIP = NO;
				DEBUG_INFORMATION_FORMAT = dwarf;
				ENABLE_STRICT_OBJC_MSGSEND = YES;
				ENABLE_TESTABILITY = YES;
				GCC_C_LANGUAGE_STANDARD = gnu11;
				GCC_DYNAMIC_NO_PIC = NO;
				GCC_NO_COMMON_BLOCKS = YES;
				GCC_OPTIMIZATION_LEVEL = 0;
				GCC_PRECOMPILE_PREFIX_HEADER = YES;
				GCC_PREPROCESSOR_DEFINITIONS = (
					"DEBUG=1",
					"$(inherited)",
				);
				GCC_WARN_64_TO_32_BIT_CONVERSION = YES;
				GCC_WARN_ABOUT_RETURN_TYPE = YES_ERROR;
				GCC_WARN_UNDECLARED_SELECTOR = YES;
				GCC_WARN_UNINITIALIZED_AUTOS = YES_AGGRESSIVE;
				GCC_WARN_UNUSED_FUNCTION = YES;
				GCC_WARN_UNUSED_VARIABLE = YES;
				IPHONEOS_DEPLOYMENT_TARGET = 11.4;
				MTL_ENABLE_DEBUG_INFO = YES;
				ONLY_ACTIVE_ARCH = YES;
				SDKROOT = iphoneos;
			};
			name = Debug;
		};
		0F0BFF3D2149F7C1004C597F /* Release */ = {
			isa = XCBuildConfiguration;
			buildSettings = {
				ALWAYS_SEARCH_USER_PATHS = NO;
				CLANG_ANALYZER_NONNULL = YES;
				CLANG_ANALYZER_NUMBER_OBJECT_CONVERSION = YES_AGGRESSIVE;
				CLANG_CXX_LANGUAGE_STANDARD = "gnu++14";
				CLANG_CXX_LIBRARY = "libc++";
				CLANG_ENABLE_MODULES = YES;
				CLANG_ENABLE_OBJC_ARC = YES;
				CLANG_ENABLE_OBJC_WEAK = YES;
				CLANG_WARN_BLOCK_CAPTURE_AUTORELEASING = YES;
				CLANG_WARN_BOOL_CONVERSION = YES;
				CLANG_WARN_COMMA = YES;
				CLANG_WARN_CONSTANT_CONVERSION = YES;
				CLANG_WARN_DEPRECATED_OBJC_IMPLEMENTATIONS = YES;
				CLANG_WARN_DIRECT_OBJC_ISA_USAGE = YES_ERROR;
				CLANG_WARN_DOCUMENTATION_COMMENTS = YES;
				CLANG_WARN_EMPTY_BODY = YES;
				CLANG_WARN_ENUM_CONVERSION = YES;
				CLANG_WARN_INFINITE_RECURSION = YES;
				CLANG_WARN_INT_CONVERSION = YES;
				CLANG_WARN_NON_LITERAL_NULL_CONVERSION = YES;
				CLANG_WARN_OBJC_IMPLICIT_RETAIN_SELF = YES;
				CLANG_WARN_OBJC_LITERAL_CONVERSION = YES;
				CLANG_WARN_OBJC_ROOT_CLASS = YES_ERROR;
				CLANG_WARN_RANGE_LOOP_ANALYSIS = YES;
				CLANG_WARN_STRICT_PROTOTYPES = YES;
				CLANG_WARN_SUSPICIOUS_MOVE = YES;
				CLANG_WARN_UNGUARDED_AVAILABILITY = YES_AGGRESSIVE;
				CLANG_WARN_UNREACHABLE_CODE = YES;
				CLANG_WARN__DUPLICATE_METHOD_MATCH = YES;
				CODE_SIGN_IDENTITY = "iPhone Developer";
				COPY_PHASE_STRIP = NO;
				DEBUG_INFORMATION_FORMAT = "dwarf-with-dsym";
				ENABLE_NS_ASSERTIONS = NO;
				ENABLE_STRICT_OBJC_MSGSEND = YES;
				GCC_C_LANGUAGE_STANDARD = gnu11;
				GCC_NO_COMMON_BLOCKS = YES;
				GCC_PRECOMPILE_PREFIX_HEADER = YES;
				GCC_WARN_64_TO_32_BIT_CONVERSION = YES;
				GCC_WARN_ABOUT_RETURN_TYPE = YES_ERROR;
				GCC_WARN_UNDECLARED_SELECTOR = YES;
				GCC_WARN_UNINITIALIZED_AUTOS = YES_AGGRESSIVE;
				GCC_WARN_UNUSED_FUNCTION = YES;
				GCC_WARN_UNUSED_VARIABLE = YES;
				IPHONEOS_DEPLOYMENT_TARGET = 11.4;
				MTL_ENABLE_DEBUG_INFO = NO;
				SDKROOT = iphoneos;
				VALIDATE_PRODUCT = YES;
			};
			name = Release;
		};
		0F0BFF3F2149F7C1004C597F /* Debug */ = {
			isa = XCBuildConfiguration;
			baseConfigurationReference = E50E30B695FD442FD076724D /* Pods-JiaoJiangChart.debug.xcconfig */;
			buildSettings = {
				ASSETCATALOG_COMPILER_APPICON_NAME = AppIcon;
				CODE_SIGN_STYLE = Automatic;
				DEVELOPMENT_TEAM = J2UQN537G9;
				GCC_PRECOMPILE_PREFIX_HEADER = YES;
				GCC_PREFIX_HEADER = "$(SRCROOT)/JiaoJiangChart/PrefixHeader.pch";
				INFOPLIST_FILE = JiaoJiangChart/Info.plist;
				IPHONEOS_DEPLOYMENT_TARGET = 8.0;
				LD_RUNPATH_SEARCH_PATHS = (
					"$(inherited)",
					"@executable_path/Frameworks",
				);
				PRODUCT_BUNDLE_IDENTIFIER = com.whohelp.JiaoJiangChart;
				PRODUCT_NAME = "$(TARGET_NAME)";
				TARGETED_DEVICE_FAMILY = "1,2";
			};
			name = Debug;
		};
		0F0BFF402149F7C1004C597F /* Release */ = {
			isa = XCBuildConfiguration;
			baseConfigurationReference = 8B1D6859E2630B085660A4BA /* Pods-JiaoJiangChart.release.xcconfig */;
			buildSettings = {
				ASSETCATALOG_COMPILER_APPICON_NAME = AppIcon;
				CODE_SIGN_STYLE = Automatic;
				DEVELOPMENT_TEAM = J2UQN537G9;
				GCC_PRECOMPILE_PREFIX_HEADER = YES;
				GCC_PREFIX_HEADER = "$(SRCROOT)/JiaoJiangChart/PrefixHeader.pch";
				INFOPLIST_FILE = JiaoJiangChart/Info.plist;
				IPHONEOS_DEPLOYMENT_TARGET = 8.0;
				LD_RUNPATH_SEARCH_PATHS = (
					"$(inherited)",
					"@executable_path/Frameworks",
				);
				PRODUCT_BUNDLE_IDENTIFIER = com.whohelp.JiaoJiangChart;
				PRODUCT_NAME = "$(TARGET_NAME)";
				TARGETED_DEVICE_FAMILY = "1,2";
			};
			name = Release;
		};
		0F0BFF422149F7C1004C597F /* Debug */ = {
			isa = XCBuildConfiguration;
			buildSettings = {
				BUNDLE_LOADER = "$(TEST_HOST)";
				CODE_SIGN_STYLE = Automatic;
				DEVELOPMENT_TEAM = J2UQN537G9;
				INFOPLIST_FILE = JiaoJiangChartTests/Info.plist;
				LD_RUNPATH_SEARCH_PATHS = (
					"$(inherited)",
					"@executable_path/Frameworks",
					"@loader_path/Frameworks",
				);
				PRODUCT_BUNDLE_IDENTIFIER = com.whohelp.JiaoJiangChartTests;
				PRODUCT_NAME = "$(TARGET_NAME)";
				TARGETED_DEVICE_FAMILY = "1,2";
				TEST_HOST = "$(BUILT_PRODUCTS_DIR)/JiaoJiangChart.app/JiaoJiangChart";
			};
			name = Debug;
		};
		0F0BFF432149F7C1004C597F /* Release */ = {
			isa = XCBuildConfiguration;
			buildSettings = {
				BUNDLE_LOADER = "$(TEST_HOST)";
				CODE_SIGN_STYLE = Automatic;
				DEVELOPMENT_TEAM = J2UQN537G9;
				INFOPLIST_FILE = JiaoJiangChartTests/Info.plist;
				LD_RUNPATH_SEARCH_PATHS = (
					"$(inherited)",
					"@executable_path/Frameworks",
					"@loader_path/Frameworks",
				);
				PRODUCT_BUNDLE_IDENTIFIER = com.whohelp.JiaoJiangChartTests;
				PRODUCT_NAME = "$(TARGET_NAME)";
				TARGETED_DEVICE_FAMILY = "1,2";
				TEST_HOST = "$(BUILT_PRODUCTS_DIR)/JiaoJiangChart.app/JiaoJiangChart";
			};
			name = Release;
		};
		0F0BFF452149F7C1004C597F /* Debug */ = {
			isa = XCBuildConfiguration;
			buildSettings = {
				CODE_SIGN_STYLE = Automatic;
				DEVELOPMENT_TEAM = J2UQN537G9;
				INFOPLIST_FILE = JiaoJiangChartUITests/Info.plist;
				LD_RUNPATH_SEARCH_PATHS = (
					"$(inherited)",
					"@executable_path/Frameworks",
					"@loader_path/Frameworks",
				);
				PRODUCT_BUNDLE_IDENTIFIER = com.whohelp.JiaoJiangChartUITests;
				PRODUCT_NAME = "$(TARGET_NAME)";
				TARGETED_DEVICE_FAMILY = "1,2";
				TEST_TARGET_NAME = JiaoJiangChart;
			};
			name = Debug;
		};
		0F0BFF462149F7C1004C597F /* Release */ = {
			isa = XCBuildConfiguration;
			buildSettings = {
				CODE_SIGN_STYLE = Automatic;
				DEVELOPMENT_TEAM = J2UQN537G9;
				INFOPLIST_FILE = JiaoJiangChartUITests/Info.plist;
				LD_RUNPATH_SEARCH_PATHS = (
					"$(inherited)",
					"@executable_path/Frameworks",
					"@loader_path/Frameworks",
				);
				PRODUCT_BUNDLE_IDENTIFIER = com.whohelp.JiaoJiangChartUITests;
				PRODUCT_NAME = "$(TARGET_NAME)";
				TARGETED_DEVICE_FAMILY = "1,2";
				TEST_TARGET_NAME = JiaoJiangChart;
			};
			name = Release;
		};
/* End XCBuildConfiguration section */

/* Begin XCConfigurationList section */
		0F0BFF0D2149F7C0004C597F /* Build configuration list for PBXProject "JiaoJiangChart" */ = {
			isa = XCConfigurationList;
			buildConfigurations = (
				0F0BFF3C2149F7C1004C597F /* Debug */,
				0F0BFF3D2149F7C1004C597F /* Release */,
			);
			defaultConfigurationIsVisible = 0;
			defaultConfigurationName = Release;
		};
		0F0BFF3E2149F7C1004C597F /* Build configuration list for PBXNativeTarget "JiaoJiangChart" */ = {
			isa = XCConfigurationList;
			buildConfigurations = (
				0F0BFF3F2149F7C1004C597F /* Debug */,
				0F0BFF402149F7C1004C597F /* Release */,
			);
			defaultConfigurationIsVisible = 0;
			defaultConfigurationName = Release;
		};
		0F0BFF412149F7C1004C597F /* Build configuration list for PBXNativeTarget "JiaoJiangChartTests" */ = {
			isa = XCConfigurationList;
			buildConfigurations = (
				0F0BFF422149F7C1004C597F /* Debug */,
				0F0BFF432149F7C1004C597F /* Release */,
			);
			defaultConfigurationIsVisible = 0;
			defaultConfigurationName = Release;
		};
		0F0BFF442149F7C1004C597F /* Build configuration list for PBXNativeTarget "JiaoJiangChartUITests" */ = {
			isa = XCConfigurationList;
			buildConfigurations = (
				0F0BFF452149F7C1004C597F /* Debug */,
				0F0BFF462149F7C1004C597F /* Release */,
			);
			defaultConfigurationIsVisible = 0;
			defaultConfigurationName = Release;
		};
/* End XCConfigurationList section */
	};
	rootObject = 0F0BFF0A2149F7C0004C597F /* Project object */;
}
